
Microsoft Visual Studio Solution File, Format Version 12.00
# Visual Studio Version 17
VisualStudioVersion = 17.7.34003.232
MinimumVisualStudioVersion = 10.0.40219.1
Project("{FAE04EC0-301F-11D3-BF4B-00C04F79EFBC}") = "SeriLogApiDemo", "SeriLogApiDemo\SeriLogApiDemo.csproj", "{0D7914F6-46D0-4622-8EBB-42F99710F63F}"
EndProject
Global
	GlobalSection(SolutionConfigurationPlatforms) = preSolution
		Debug|Any CPU = Debug|Any CPU
		Release|Any CPU = Release|Any CPU
	EndGlobalSection
	GlobalSection(ProjectConfigurationPlatforms) = postSolution
		{0D7914F6-46D0-4622-8EBB-42F99710F63F}.Debug|Any CPU.ActiveCfg = Debug|Any CPU
		{0D7914F6-46D0-4622-8EBB-42F99710F63F}.Debug|Any CPU.Build.0 = Debug|Any CPU
		{0D7914F6-46D0-4622-8EBB-42F99710F63F}.Release|Any CPU.ActiveCfg = Release|Any CPU
		{0D7914F6-46D0-4622-8EBB-42F99710F63F}.Release|Any CPU.Build.0 = Release|Any CPU
	EndGlobalSection
	GlobalSection(SolutionProperties) = preSolution
		HideSolutionNode = FALSE
	EndGlobalSection
	GlobalSection(ExtensibilityGlobals) = postSolution
		SolutionGuid = {B1BBCCC6-7AB4-41DA-A7A2-8001AE7C6061}
	EndGlobalSection
EndGlobal
